
Microsoft Visual Studio Solution File, Format Version 12.00
# Visual Studio Version 16
VisualStudioVersion = 16.0.810.4
MinimumVisualStudioVersion = 10.0.40219.1
Project("{2150E333-8FDC-42A3-9474-1A3956D46DE8}") = "Services", "Services", "{039CDA01-4936-475F-8737-BF315D3F7716}"
EndProject
Project("{2150E333-8FDC-42A3-9474-1A3956D46DE8}") = "Catalog", "Catalog", "{E28EA205-D926-47A5-B39D-8046CBFC594C}"
EndProject
Project("{FAE04EC0-301F-11D3-BF4B-00C04F79EFBC}") = "Shoption.Catalog", "Services\Shoption.Catalog\Shoption.Catalog.csproj", "{E758AFF2-2C09-4142-8F61-AB12BAE29356}"
EndProject
Project("{2150E333-8FDC-42A3-9474-1A3956D46DE8}") = "Shared", "Shared", "{6853DA6D-410A-4F62-AED4-D9CD82918168}"
EndProject
Project("{FAE04EC0-301F-11D3-BF4B-00C04F79EFBC}") = "Shoption.Shared", "Shared\Shoption.Shared\Shoption.Shared.csproj", "{25555AF6-72F7-4D27-8C04-F250786A0FDD}"
EndProject
Project("{2150E333-8FDC-42A3-9474-1A3956D46DE8}") = "IdentityServer", "IdentityServer", "{7A923A64-79BF-4AD9-8530-0A372F981A9F}"
EndProject
Project("{FAE04EC0-301F-11D3-BF4B-00C04F79EFBC}") = "Shoption.IdentityServer", "IdentityServer\Shoption.IdentityServer\Shoption.IdentityServer.csproj", "{1F0661CF-6048-46CC-B70B-F531E19B9AF7}"
EndProject
Project("{2150E333-8FDC-42A3-9474-1A3956D46DE8}") = "Basket", "Basket", "{594A5C2B-4CB2-4112-862C-1C4975457DA3}"
EndProject
Project("{FAE04EC0-301F-11D3-BF4B-00C04F79EFBC}") = "Shoption.Basket", "Services\Shoption.Basket\Shoption.Basket\Shoption.Basket.csproj", "{3D43FCAB-4BC0-4D5A-BA06-AD95B15D805E}"
EndProject
Global
	GlobalSection(SolutionConfigurationPlatforms) = preSolution
		Debug|Any CPU = Debug|Any CPU
		Release|Any CPU = Release|Any CPU
	EndGlobalSection
	GlobalSection(ProjectConfigurationPlatforms) = postSolution
		{E758AFF2-2C09-4142-8F61-AB12BAE29356}.Debug|Any CPU.ActiveCfg = Debug|Any CPU
		{E758AFF2-2C09-4142-8F61-AB12BAE29356}.Debug|Any CPU.Build.0 = Debug|Any CPU
		{E758AFF2-2C09-4142-8F61-AB12BAE29356}.Release|Any CPU.ActiveCfg = Release|Any CPU
		{E758AFF2-2C09-4142-8F61-AB12BAE29356}.Release|Any CPU.Build.0 = Release|Any CPU
		{25555AF6-72F7-4D27-8C04-F250786A0FDD}.Debug|Any CPU.ActiveCfg = Debug|Any CPU
		{25555AF6-72F7-4D27-8C04-F250786A0FDD}.Debug|Any CPU.Build.0 = Debug|Any CPU
		{25555AF6-72F7-4D27-8C04-F250786A0FDD}.Release|Any CPU.ActiveCfg = Release|Any CPU
		{25555AF6-72F7-4D27-8C04-F250786A0FDD}.Release|Any CPU.Build.0 = Release|Any CPU
		{1F0661CF-6048-46CC-B70B-F531E19B9AF7}.Debug|Any CPU.ActiveCfg = Debug|Any CPU
		{1F0661CF-6048-46CC-B70B-F531E19B9AF7}.Debug|Any CPU.Build.0 = Debug|Any CPU
		{1F0661CF-6048-46CC-B70B-F531E19B9AF7}.Release|Any CPU.ActiveCfg = Release|Any CPU
		{1F0661CF-6048-46CC-B70B-F531E19B9AF7}.Release|Any CPU.Build.0 = Release|Any CPU
		{3D43FCAB-4BC0-4D5A-BA06-AD95B15D805E}.Debug|Any CPU.ActiveCfg = Debug|Any CPU
		{3D43FCAB-4BC0-4D5A-BA06-AD95B15D805E}.Debug|Any CPU.Build.0 = Debug|Any CPU
		{3D43FCAB-4BC0-4D5A-BA06-AD95B15D805E}.Release|Any CPU.ActiveCfg = Release|Any CPU
		{3D43FCAB-4BC0-4D5A-BA06-AD95B15D805E}.Release|Any CPU.Build.0 = Release|Any CPU
	EndGlobalSection
	GlobalSection(SolutionProperties) = preSolution
		HideSolutionNode = FALSE
	EndGlobalSection
	GlobalSection(ExtensibilityGlobals) = postSolution
		SolutionGuid = {D9025F56-A81D-4784-86EA-59907ECC5126}
	EndGlobalSection
	GlobalSection(NestedProjects) = preSolution
		{E28EA205-D926-47A5-B39D-8046CBFC594C} = {039CDA01-4936-475F-8737-BF315D3F7716}
		{E758AFF2-2C09-4142-8F61-AB12BAE29356} = {E28EA205-D926-47A5-B39D-8046CBFC594C}
		{25555AF6-72F7-4D27-8C04-F250786A0FDD} = {6853DA6D-410A-4F62-AED4-D9CD82918168}
		{1F0661CF-6048-46CC-B70B-F531E19B9AF7} = {7A923A64-79BF-4AD9-8530-0A372F981A9F}
		{594A5C2B-4CB2-4112-862C-1C4975457DA3} = {039CDA01-4936-475F-8737-BF315D3F7716}
		{3D43FCAB-4BC0-4D5A-BA06-AD95B15D805E} = {594A5C2B-4CB2-4112-862C-1C4975457DA3}
	EndGlobalSection
EndGlobal
